// !$*UTF8*$!
{
	archiveVersion = 1;
	classes = {
	};
	objectVersion = 56;
	objects = {

/* Begin PBXBuildFile section */
		4D3E2A9E2B5B0C2A006219C3 /* AppDelegate.swift in Sources */ = {isa = PBXBuildFile; fileRef = 4D3E2A9D2B5B0C2A006219C3 /* AppDelegate.swift */; };
		4D3E2AA02B5B0C2A006219C3 /* GameScene.sks in Resources */ = {isa = PBXBuildFile; fileRef = 4D3E2A9F2B5B0C2A006219C3 /* GameScene.sks */; };
		4D3E2AA22B5B0C2A006219C3 /* Actions.sks in Resources */ = {isa = PBXBuildFile; fileRef = 4D3E2AA12B5B0C2A006219C3 /* Actions.sks */; };
		4D3E2AA42B5B0C2A006219C3 /* GameScene.swift in Sources */ = {isa = PBXBuildFile; fileRef = 4D3E2AA32B5B0C2A006219C3 /* GameScene.swift */; };
		4D3E2AA62B5B0C2A006219C3 /* GameViewController.swift in Sources */ = {isa = PBXBuildFile; fileRef = 4D3E2AA52B5B0C2A006219C3 /* GameViewController.swift */; };
		4D3E2AA92B5B0C2A006219C3 /* Main.storyboard in Resources */ = {isa = PBXBuildFile; fileRef = 4D3E2AA72B5B0C2A006219C3 /* Main.storyboard */; };
		4D3E2AAB2B5B0C2C006219C3 /* Assets.xcassets in Resources */ = {isa = PBXBuildFile; fileRef = 4D3E2AAA2B5B0C2C006219C3 /* Assets.xcassets */; };
		4D3E2AAE2B5B0C2C006219C3 /* LaunchScreen.storyboard in Resources */ = {isa = PBXBuildFile; fileRef = 4D3E2AAC2B5B0C2C006219C3 /* LaunchScreen.storyboard */; };
		4D469EC02B7459DC003A417F /* bit.ttf in Resources */ = {isa = PBXBuildFile; fileRef = 4D469EBF2B7459DC003A417F /* bit.ttf */; };
		4D469EC22B7459E8003A417F /* 8BitOutlined-oMV4.ttf in Resources */ = {isa = PBXBuildFile; fileRef = 4D469EC12B7459E8003A417F /* 8BitOutlined-oMV4.ttf */; };
		4D50CCA22B683BE3003EBF43 /* PhysicsCategory.swift in Sources */ = {isa = PBXBuildFile; fileRef = 4D50CCA12B683BE3003EBF43 /* PhysicsCategory.swift */; };
/* End PBXBuildFile section */

/* Begin PBXFileReference section */
		4D3E2A9A2B5B0C2A006219C3 /* physicsTest2.app */ = {isa = PBXFileReference; explicitFileType = wrapper.application; includeInIndex = 0; path = physicsTest2.app; sourceTree = BUILT_PRODUCTS_DIR; };
		4D3E2A9D2B5B0C2A006219C3 /* AppDelegate.swift */ = {isa = PBXFileReference; lastKnownFileType = sourcecode.swift; path = AppDelegate.swift; sourceTree = "<group>"; };
		4D3E2A9F2B5B0C2A006219C3 /* GameScene.sks */ = {isa = PBXFileReference; lastKnownFileType = file.sks; path = GameScene.sks; sourceTree = "<group>"; };
		4D3E2AA12B5B0C2A006219C3 /* Actions.sks */ = {isa = PBXFileReference; lastKnownFileType = file.sks; path = Actions.sks; sourceTree = "<group>"; };
		4D3E2AA32B5B0C2A006219C3 /* GameScene.swift */ = {isa = PBXFileReference; lastKnownFileType = sourcecode.swift; path = GameScene.swift; sourceTree = "<group>"; };
		4D3E2AA52B5B0C2A006219C3 /* GameViewController.swift */ = {isa = PBXFileReference; lastKnownFileType = sourcecode.swift; path = GameViewController.swift; sourceTree = "<group>"; };
		4D3E2AA82B5B0C2A006219C3 /* Base */ = {isa = PBXFileReference; lastKnownFileType = file.storyboard; name = Base; path = Base.lproj/Main.storyboard; sourceTree = "<group>"; };
		4D3E2AAA2B5B0C2C006219C3 /* Assets.xcassets */ = {isa = PBXFileReference; lastKnownFileType = folder.assetcatalog; path = Assets.xcassets; sourceTree = "<group>"; };
		4D3E2AAD2B5B0C2C006219C3 /* Base */ = {isa = PBXFileReference; lastKnownFileType = file.storyboard; name = Base; path = Base.lproj/LaunchScreen.storyboard; sourceTree = "<group>"; };
		4D469EBE2B7457DB003A417F /* Info.plist */ = {isa = PBXFileReference; lastKnownFileType = text.plist; path = Info.plist; sourceTree = "<group>"; };
		4D469EBF2B7459DC003A417F /* bit.ttf */ = {isa = PBXFileReference; lastKnownFileType = file; name = bit.ttf; path = "../../../../Downloads/8-bit-font/bit.ttf"; sourceTree = "<group>"; };
		4D469EC12B7459E8003A417F /* 8BitOutlined-oMV4.ttf */ = {isa = PBXFileReference; lastKnownFileType = file; path = "8BitOutlined-oMV4.ttf"; sourceTree = "<group>"; };
		4D50CCA12B683BE3003EBF43 /* PhysicsCategory.swift */ = {isa = PBXFileReference; lastKnownFileType = sourcecode.swift; path = PhysicsCategory.swift; sourceTree = "<group>"; };
/* End PBXFileReference section */

/* Begin PBXFrameworksBuildPhase section */
		4D3E2A972B5B0C2A006219C3 /* Frameworks */ = {
			isa = PBXFrameworksBuildPhase;
			buildActionMask = 2147483647;
			files = (
			);
			runOnlyForDeploymentPostprocessing = 0;
		};
/* End PBXFrameworksBuildPhase section */

/* Begin PBXGroup section */
		4D3E2A912B5B0C2A006219C3 = {
			isa = PBXGroup;
			children = (
				4D3E2A9C2B5B0C2A006219C3 /* physicsTest2 */,
				4D3E2A9B2B5B0C2A006219C3 /* Products */,
			);
			sourceTree = "<group>";
		};
		4D3E2A9B2B5B0C2A006219C3 /* Products */ = {
			isa = PBXGroup;
			children = (
				4D3E2A9A2B5B0C2A006219C3 /* physicsTest2.app */,
			);
			name = Products;
			sourceTree = "<group>";
		};
		4D3E2A9C2B5B0C2A006219C3 /* physicsTest2 */ = {
			isa = PBXGroup;
			children = (
				4D469EBE2B7457DB003A417F /* Info.plist */,
				4D3E2A9D2B5B0C2A006219C3 /* AppDelegate.swift */,
				4D3E2A9F2B5B0C2A006219C3 /* GameScene.sks */,
				4D3E2AA12B5B0C2A006219C3 /* Actions.sks */,
				4D3E2AA32B5B0C2A006219C3 /* GameScene.swift */,
				4D3E2AA52B5B0C2A006219C3 /* GameViewController.swift */,
				4D3E2AA72B5B0C2A006219C3 /* Main.storyboard */,
				4D3E2AAA2B5B0C2C006219C3 /* Assets.xcassets */,
				4D3E2AAC2B5B0C2C006219C3 /* LaunchScreen.storyboard */,
				4D50CCA12B683BE3003EBF43 /* PhysicsCategory.swift */,
				4D469EBF2B7459DC003A417F /* bit.ttf */,
				4D469EC12B7459E8003A417F /* 8BitOutlined-oMV4.ttf */,
			);
			path = physicsTest2;
			sourceTree = "<group>";
		};
/* End PBXGroup section */

/* Begin PBXNativeTarget section */
		4D3E2A992B5B0C2A006219C3 /* physicsTest2 */ = {
			isa = PBXNativeTarget;
			buildConfigurationList = 4D3E2AB12B5B0C2C006219C3 /* Build configuration list for PBXNativeTarget "physicsTest2" */;
			buildPhases = (
				4D3E2A962B5B0C2A006219C3 /* Sources */,
				4D3E2A972B5B0C2A006219C3 /* Frameworks */,
				4D3E2A982B5B0C2A006219C3 /* Resources */,
			);
			buildRules = (
			);
			dependencies = (
			);
			name = physicsTest2;
			productName = physicsTest2;
			productReference = 4D3E2A9A2B5B0C2A006219C3 /* physicsTest2.app */;
			productType = "com.apple.product-type.application";
		};
/* End PBXNativeTarget section */

/* Begin PBXProject section */
		4D3E2A922B5B0C2A006219C3 /* Project object */ = {
			isa = PBXProject;
			attributes = {
				BuildIndependentTargetsInParallel = 1;
				LastSwiftUpdateCheck = 1500;
				LastUpgradeCheck = 1500;
				TargetAttributes = {
					4D3E2A992B5B0C2A006219C3 = {
						CreatedOnToolsVersion = 15.0.1;
					};
				};
			};
			buildConfigurationList = 4D3E2A952B5B0C2A006219C3 /* Build configuration list for PBXProject "physicsTest2" */;
			compatibilityVersion = "Xcode 14.0";
			developmentRegion = en;
			hasScannedForEncodings = 0;
			knownRegions = (
				en,
				Base,
			);
			mainGroup = 4D3E2A912B5B0C2A006219C3;
			productRefGroup = 4D3E2A9B2B5B0C2A006219C3 /* Products */;
			projectDirPath = "";
			projectRoot = "";
			targets = (
				4D3E2A992B5B0C2A006219C3 /* physicsTest2 */,
			);
		};
/* End PBXProject section */

/* Begin PBXResourcesBuildPhase section */
		4D3E2A982B5B0C2A006219C3 /* Resources */ = {
			isa = PBXResourcesBuildPhase;
			buildActionMask = 2147483647;
			files = (
				4D469EC22B7459E8003A417F /* 8BitOutlined-oMV4.ttf in Resources */,
				4D469EC02B7459DC003A417F /* bit.ttf in Resources */,
				4D3E2AA92B5B0C2A006219C3 /* Main.storyboard in Resources */,
				4D3E2AA02B5B0C2A006219C3 /* GameScene.sks in Resources */,
				4D3E2AAB2B5B0C2C006219C3 /* Assets.xcassets in Resources */,
				4D3E2AAE2B5B0C2C006219C3 /* LaunchScreen.storyboard in Resources */,
				4D3E2AA22B5B0C2A006219C3 /* Actions.sks in Resources */,
			);
			runOnlyForDeploymentPostprocessing = 0;
		};
/* End PBXResourcesBuildPhase section */

/* Begin PBXSourcesBuildPhase section */
		4D3E2A962B5B0C2A006219C3 /* Sources */ = {
			isa = PBXSourcesBuildPhase;
			buildActionMask = 2147483647;
			files = (
				4D3E2AA42B5B0C2A006219C3 /* GameScene.swift in Sources */,
				4D50CCA22B683BE3003EBF43 /* PhysicsCategory.swift in Sources */,
				4D3E2AA62B5B0C2A006219C3 /* GameViewController.swift in Sources */,
				4D3E2A9E2B5B0C2A006219C3 /* AppDelegate.swift in Sources */,
			);
			runOnlyForDeploymentPostprocessing = 0;
		};
/* End PBXSourcesBuildPhase section */

/* Begin PBXVariantGroup section */
		4D3E2AA72B5B0C2A006219C3 /* Main.storyboard */ = {
			isa = PBXVariantGroup;
			children = (
				4D3E2AA82B5B0C2A006219C3 /* Base */,
			);
			name = Main.storyboard;
			sourceTree = "<group>";
		};
		4D3E2AAC2B5B0C2C006219C3 /* LaunchScreen.storyboard */ = {
			isa = PBXVariantGroup;
			children = (
				4D3E2AAD2B5B0C2C006219C3 /* Base */,
			);
			name = LaunchScreen.storyboard;
			sourceTree = "<group>";
		};
/* End PBXVariantGroup section */

/* Begin XCBuildConfiguration section */
		4D3E2AAF2B5B0C2C006219C3 /* Debug */ = {
			isa = XCBuildConfiguration;
			buildSettings = {
				ALWAYS_SEARCH_USER_PATHS = NO;
				ASSETCATALOG_COMPILER_GENERATE_SWIFT_ASSET_SYMBOL_EXTENSIONS = YES;
				CLANG_ANALYZER_NONNULL = YES;
				CLANG_ANALYZER_NUMBER_OBJECT_CONVERSION = YES_AGGRESSIVE;
				CLANG_CXX_LANGUAGE_STANDARD = "gnu++20";
				CLANG_ENABLE_MODULES = YES;
				CLANG_ENABLE_OBJC_ARC = YES;
				CLANG_ENABLE_OBJC_WEAK = YES;
				CLANG_WARN_BLOCK_CAPTURE_AUTORELEASING = YES;
				CLANG_WARN_BOOL_CONVERSION = YES;
				CLANG_WARN_COMMA = YES;
				CLANG_WARN_CONSTANT_CONVERSION = YES;
				CLANG_WARN_DEPRECATED_OBJC_IMPLEMENTATIONS = YES;
				CLANG_WARN_DIRECT_OBJC_ISA_USAGE = YES_ERROR;
				CLANG_WARN_DOCUMENTATION_COMMENTS = YES;
				CLANG_WARN_EMPTY_BODY = YES;
				CLANG_WARN_ENUM_CONVERSION = YES;
				CLANG_WARN_INFINITE_RECURSION = YES;
				CLANG_WARN_INT_CONVERSION = YES;
				CLANG_WARN_NON_LITERAL_NULL_CONVERSION = YES;
				CLANG_WARN_OBJC_IMPLICIT_RETAIN_SELF = YES;
				CLANG_WARN_OBJC_LITERAL_CONVERSION = YES;
				CLANG_WARN_OBJC_ROOT_CLASS = YES_ERROR;
				CLANG_WARN_QUOTED_INCLUDE_IN_FRAMEWORK_HEADER = YES;
				CLANG_WARN_RANGE_LOOP_ANALYSIS = YES;
				CLANG_WARN_STRICT_PROTOTYPES = YES;
				CLANG_WARN_SUSPICIOUS_MOVE = YES;
				CLANG_WARN_UNGUARDED_AVAILABILITY = YES_AGGRESSIVE;
				CLANG_WARN_UNREACHABLE_CODE = YES;
				CLANG_WARN__DUPLICATE_METHOD_MATCH = YES;
				COPY_PHASE_STRIP = NO;
				DEBUG_INFORMATION_FORMAT = dwarf;
				ENABLE_STRICT_OBJC_MSGSEND = YES;
				ENABLE_TESTABILITY = YES;
				ENABLE_USER_SCRIPT_SANDBOXING = YES;
				GCC_C_LANGUAGE_STANDARD = gnu17;
				GCC_DYNAMIC_NO_PIC = NO;
				GCC_NO_COMMON_BLOCKS = YES;
				GCC_OPTIMIZATION_LEVEL = 0;
				GCC_PREPROCESSOR_DEFINITIONS = (
					"DEBUG=1",
					"$(inherited)",
				);
				GCC_WARN_64_TO_32_BIT_CONVERSION = YES;
				GCC_WARN_ABOUT_RETURN_TYPE = YES_ERROR;
				GCC_WARN_UNDECLARED_SELECTOR = YES;
				GCC_WARN_UNINITIALIZED_AUTOS = YES_AGGRESSIVE;
				GCC_WARN_UNUSED_FUNCTION = YES;
				GCC_WARN_UNUSED_VARIABLE = YES;
				IPHONEOS_DEPLOYMENT_TARGET = 17.0;
				LOCALIZATION_PREFERS_STRING_CATALOGS = YES;
				MTL_ENABLE_DEBUG_INFO = INCLUDE_SOURCE;
				MTL_FAST_MATH = YES;
				ONLY_ACTIVE_ARCH = YES;
				SDKROOT = iphoneos;
				SWIFT_ACTIVE_COMPILATION_CONDITIONS = "DEBUG $(inherited)";
				SWIFT_OPTIMIZATION_LEVEL = "-Onone";
			};
			name = Debug;
		};
		4D3E2AB02B5B0C2C006219C3 /* Release */ = {
			isa = XCBuildConfiguration;
			buildSettings = {
				ALWAYS_SEARCH_USER_PATHS = NO;
				ASSETCATALOG_COMPILER_GENERATE_SWIFT_ASSET_SYMBOL_EXTENSIONS = YES;
				CLANG_ANALYZER_NONNULL = YES;
				CLANG_ANALYZER_NUMBER_OBJECT_CONVERSION = YES_AGGRESSIVE;
				CLANG_CXX_LANGUAGE_STANDARD = "gnu++20";
				CLANG_ENABLE_MODULES = YES;
				CLANG_ENABLE_OBJC_ARC = YES;
				CLANG_ENABLE_OBJC_WEAK = YES;
				CLANG_WARN_BLOCK_CAPTURE_AUTORELEASING = YES;
				CLANG_WARN_BOOL_CONVERSION = YES;
				CLANG_WARN_COMMA = YES;
				CLANG_WARN_CONSTANT_CONVERSION = YES;
				CLANG_WARN_DEPRECATED_OBJC_IMPLEMENTATIONS = YES;
				CLANG_WARN_DIRECT_OBJC_ISA_USAGE = YES_ERROR;
				CLANG_WARN_DOCUMENTATION_COMMENTS = YES;
				CLANG_WARN_EMPTY_BODY = YES;
				CLANG_WARN_ENUM_CONVERSION = YES;
				CLANG_WARN_INFINITE_RECURSION = YES;
				CLANG_WARN_INT_CONVERSION = YES;
				CLANG_WARN_NON_LITERAL_NULL_CONVERSION = YES;
				CLANG_WARN_OBJC_IMPLICIT_RETAIN_SELF = YES;
				CLANG_WARN_OBJC_LITERAL_CONVERSION = YES;
				CLANG_WARN_OBJC_ROOT_CLASS = YES_ERROR;
				CLANG_WARN_QUOTED_INCLUDE_IN_FRAMEWORK_HEADER = YES;
				CLANG_WARN_RANGE_LOOP_ANALYSIS = YES;
				CLANG_WARN_STRICT_PROTOTYPES = YES;
				CLANG_WARN_SUSPICIOUS_MOVE = YES;
				CLANG_WARN_UNGUARDED_AVAILABILITY = YES_AGGRESSIVE;
				CLANG_WARN_UNREACHABLE_CODE = YES;
				CLANG_WARN__DUPLICATE_METHOD_MATCH = YES;
				COPY_PHASE_STRIP = NO;
				DEBUG_INFORMATION_FORMAT = "dwarf-with-dsym";
				ENABLE_NS_ASSERTIONS = NO;
				ENABLE_STRICT_OBJC_MSGSEND = YES;
				ENABLE_USER_SCRIPT_SANDBOXING = YES;
				GCC_C_LANGUAGE_STANDARD = gnu17;
				GCC_NO_COMMON_BLOCKS = YES;
				GCC_WARN_64_TO_32_BIT_CONVERSION = YES;
				GCC_WARN_ABOUT_RETURN_TYPE = YES_ERROR;
				GCC_WARN_UNDECLARED_SELECTOR = YES;
				GCC_WARN_UNINITIALIZED_AUTOS = YES_AGGRESSIVE;
				GCC_WARN_UNUSED_FUNCTION = YES;
				GCC_WARN_UNUSED_VARIABLE = YES;
				IPHONEOS_DEPLOYMENT_TARGET = 17.0;
				LOCALIZATION_PREFERS_STRING_CATALOGS = YES;
				MTL_ENABLE_DEBUG_INFO = NO;
				MTL_FAST_MATH = YES;
				SDKROOT = iphoneos;
				SWIFT_COMPILATION_MODE = wholemodule;
				VALIDATE_PRODUCT = YES;
			};
			name = Release;
		};
		4D3E2AB22B5B0C2C006219C3 /* Debug */ = {
			isa = XCBuildConfiguration;
			buildSettings = {
				ASSETCATALOG_COMPILER_APPICON_NAME = AppIcon;
				ASSETCATALOG_COMPILER_GLOBAL_ACCENT_COLOR_NAME = AccentColor;
				CODE_SIGN_STYLE = Automatic;
				CURRENT_PROJECT_VERSION = 1;
				DEVELOPMENT_TEAM = D644835SY8;
				GENERATE_INFOPLIST_FILE = YES;
				INFOPLIST_FILE = physicsTest2/Info.plist;
				INFOPLIST_KEY_UIApplicationSupportsIndirectInputEvents = YES;
				INFOPLIST_KEY_UILaunchStoryboardName = LaunchScreen;
				INFOPLIST_KEY_UIMainStoryboardFile = Main;
				INFOPLIST_KEY_UIStatusBarHidden = YES;
				INFOPLIST_KEY_UIStatusBarStyle = UIStatusBarStyleDarkContent;
				INFOPLIST_KEY_UISupportedInterfaceOrientations = UIInterfaceOrientationPortrait;
				LD_RUNPATH_SEARCH_PATHS = (
					"$(inherited)",
					"@executable_path/Frameworks",
				);
				MARKETING_VERSION = 1.0;
				PRODUCT_BUNDLE_IDENTIFIER = com.krishbothra.phyiscsTest21;
				PRODUCT_NAME = "$(TARGET_NAME)";
				SWIFT_EMIT_LOC_STRINGS = YES;
				SWIFT_VERSION = 5.0;
				TARGETED_DEVICE_FAMILY = "1,2";
			};
			name = Debug;
		};
		4D3E2AB32B5B0C2C006219C3 /* Release */ = {
			isa = XCBuildConfiguration;
			buildSettings = {
				ASSETCATALOG_COMPILER_APPICON_NAME = AppIcon;
				ASSETCATALOG_COMPILER_GLOBAL_ACCENT_COLOR_NAME = AccentColor;
				CODE_SIGN_STYLE = Automatic;
				CURRENT_PROJECT_VERSION = 1;
				DEVELOPMENT_TEAM = D644835SY8;
				GENERATE_INFOPLIST_FILE = YES;
				INFOPLIST_FILE = physicsTest2/Info.plist;
				INFOPLIST_KEY_UIApplicationSupportsIndirectInputEvents = YES;
				INFOPLIST_KEY_UILaunchStoryboardName = LaunchScreen;
				INFOPLIST_KEY_UIMainStoryboardFile = Main;
				INFOPLIST_KEY_UIStatusBarHidden = YES;
				INFOPLIST_KEY_UIStatusBarStyle = UIStatusBarStyleDarkContent;
				INFOPLIST_KEY_UISupportedInterfaceOrientations = UIInterfaceOrientationPortrait;
				LD_RUNPATH_SEARCH_PATHS = (
					"$(inherited)",
					"@executable_path/Frameworks",
				);
				MARKETING_VERSION = 1.0;
				PRODUCT_BUNDLE_IDENTIFIER = com.krishbothra.phyiscsTest21;
				PRODUCT_NAME = "$(TARGET_NAME)";
				SWIFT_EMIT_LOC_STRINGS = YES;
				SWIFT_VERSION = 5.0;
				TARGETED_DEVICE_FAMILY = "1,2";
			};
			name = Release;
		};
/* End XCBuildConfiguration section */

/* Begin XCConfigurationList section */
		4D3E2A952B5B0C2A006219C3 /* Build configuration list for PBXProject "physicsTest2" */ = {
			isa = XCConfigurationList;
			buildConfigurations = (
				4D3E2AAF2B5B0C2C006219C3 /* Debug */,
				4D3E2AB02B5B0C2C006219C3 /* Release */,
			);
			defaultConfigurationIsVisible = 0;
			defaultConfigurationName = Release;
		};
		4D3E2AB12B5B0C2C006219C3 /* Build configuration list for PBXNativeTarget "physicsTest2" */ = {
			isa = XCConfigurationList;
			buildConfigurations = (
				4D3E2AB22B5B0C2C006219C3 /* Debug */,
				4D3E2AB32B5B0C2C006219C3 /* Release */,
			);
			defaultConfigurationIsVisible = 0;
			defaultConfigurationName = Release;
		};
/* End XCConfigurationList section */
	};
	rootObject = 4D3E2A922B5B0C2A006219C3 /* Project object */;
}
